// !$*UTF8*$!
{
	archiveVersion = 1;
	classes = {
	};
	objectVersion = 56;
	objects = {

/* Begin PBXBuildFile section */
		D8CA87A42B90045C001DAB27 /* DiceyApp.swift in Sources */ = {isa = PBXBuildFile; fileRef = D8CA87A32B90045C001DAB27 /* DiceyApp.swift */; };
		D8CA87A62B90045C001DAB27 /* ContentView.swift in Sources */ = {isa = PBXBuildFile; fileRef = D8CA87A52B90045C001DAB27 /* ContentView.swift */; };
		D8CA87A82B90045D001DAB27 /* Assets.xcassets in Resources */ = {isa = PBXBuildFile; fileRef = D8CA87A72B90045D001DAB27 /* Assets.xcassets */; };
		D8CA87AB2B90045D001DAB27 /* Preview Assets.xcassets in Resources */ = {isa = PBXBuildFile; fileRef = D8CA87AA2B90045D001DAB27 /* Preview Assets.xcassets */; };
		D8CA87B52B90045E001DAB27 /* DiceyTests.swift in Sources */ = {isa = PBXBuildFile; fileRef = D8CA87B42B90045E001DAB27 /* DiceyTests.swift */; };
		D8CA87BF2B90045E001DAB27 /* DiceyUITests.swift in Sources */ = {isa = PBXBuildFile; fileRef = D8CA87BE2B90045E001DAB27 /* DiceyUITests.swift */; };
		D8CA87C12B90045E001DAB27 /* DiceyUITestsLaunchTests.swift in Sources */ = {isa = PBXBuildFile; fileRef = D8CA87C02B90045E001DAB27 /* DiceyUITestsLaunchTests.swift */; };
/* End PBXBuildFile section */

/* Begin PBXContainerItemProxy section */
		D8CA87B12B90045E001DAB27 /* PBXContainerItemProxy */ = {
			isa = PBXContainerItemProxy;
			containerPortal = D8CA87982B90045C001DAB27 /* Project object */;
			proxyType = 1;
			remoteGlobalIDString = D8CA879F2B90045C001DAB27;
			remoteInfo = Dicey;
		};
		D8CA87BB2B90045E001DAB27 /* PBXContainerItemProxy */ = {
			isa = PBXContainerItemProxy;
			containerPortal = D8CA87982B90045C001DAB27 /* Project object */;
			proxyType = 1;
			remoteGlobalIDString = D8CA879F2B90045C001DAB27;
			remoteInfo = Dicey;
		};
/* End PBXContainerItemProxy section */

/* Begin PBXFileReference section */
		D8CA87A02B90045C001DAB27 /* Dicey.app */ = {isa = PBXFileReference; explicitFileType = wrapper.application; includeInIndex = 0; path = Dicey.app; sourceTree = BUILT_PRODUCTS_DIR; };
		D8CA87A32B90045C001DAB27 /* DiceyApp.swift */ = {isa = PBXFileReference; lastKnownFileType = sourcecode.swift; path = DiceyApp.swift; sourceTree = "<group>"; };
		D8CA87A52B90045C001DAB27 /* ContentView.swift */ = {isa = PBXFileReference; lastKnownFileType = sourcecode.swift; path = ContentView.swift; sourceTree = "<group>"; };
		D8CA87A72B90045D001DAB27 /* Assets.xcassets */ = {isa = PBXFileReference; lastKnownFileType = folder.assetcatalog; path = Assets.xcassets; sourceTree = "<group>"; };
		D8CA87AA2B90045D001DAB27 /* Preview Assets.xcassets */ = {isa = PBXFileReference; lastKnownFileType = folder.assetcatalog; path = "Preview Assets.xcassets"; sourceTree = "<group>"; };
		D8CA87B02B90045E001DAB27 /* DiceyTests.xctest */ = {isa = PBXFileReference; explicitFileType = wrapper.cfbundle; includeInIndex = 0; path = DiceyTests.xctest; sourceTree = BUILT_PRODUCTS_DIR; };
		D8CA87B42B90045E001DAB27 /* DiceyTests.swift */ = {isa = PBXFileReference; lastKnownFileType = sourcecode.swift; path = DiceyTests.swift; sourceTree = "<group>"; };
		D8CA87BA2B90045E001DAB27 /* DiceyUITests.xctest */ = {isa = PBXFileReference; explicitFileType = wrapper.cfbundle; includeInIndex = 0; path = DiceyUITests.xctest; sourceTree = BUILT_PRODUCTS_DIR; };
		D8CA87BE2B90045E001DAB27 /* DiceyUITests.swift */ = {isa = PBXFileReference; lastKnownFileType = sourcecode.swift; path = DiceyUITests.swift; sourceTree = "<group>"; };
		D8CA87C02B90045E001DAB27 /* DiceyUITestsLaunchTests.swift */ = {isa = PBXFileReference; lastKnownFileType = sourcecode.swift; path = DiceyUITestsLaunchTests.swift; sourceTree = "<group>"; };
/* End PBXFileReference section */

/* Begin PBXFrameworksBuildPhase section */
		D8CA879D2B90045C001DAB27 /* Frameworks */ = {
			isa = PBXFrameworksBuildPhase;
			buildActionMask = 2147483647;
			files = (
			);
			runOnlyForDeploymentPostprocessing = 0;
		};
		D8CA87AD2B90045E001DAB27 /* Frameworks */ = {
			isa = PBXFrameworksBuildPhase;
			buildActionMask = 2147483647;
			files = (
			);
			runOnlyForDeploymentPostprocessing = 0;
		};
		D8CA87B72B90045E001DAB27 /* Frameworks */ = {
			isa = PBXFrameworksBuildPhase;
			buildActionMask = 2147483647;
			files = (
			);
			runOnlyForDeploymentPostprocessing = 0;
		};
/* End PBXFrameworksBuildPhase section */

/* Begin PBXGroup section */
		D8CA87972B90045C001DAB27 = {
			isa = PBXGroup;
			children = (
				D8CA87A22B90045C001DAB27 /* Dicey */,
				D8CA87B32B90045E001DAB27 /* DiceyTests */,
				D8CA87BD2B90045E001DAB27 /* DiceyUITests */,
				D8CA87A12B90045C001DAB27 /* Products */,
			);
			sourceTree = "<group>";
		};
		D8CA87A12B90045C001DAB27 /* Products */ = {
			isa = PBXGroup;
			children = (
				D8CA87A02B90045C001DAB27 /* Dicey.app */,
				D8CA87B02B90045E001DAB27 /* DiceyTests.xctest */,
				D8CA87BA2B90045E001DAB27 /* DiceyUITests.xctest */,
			);
			name = Products;
			sourceTree = "<group>";
		};
		D8CA87A22B90045C001DAB27 /* Dicey */ = {
			isa = PBXGroup;
			children = (
				D8CA87A32B90045C001DAB27 /* DiceyApp.swift */,
				D8CA87A52B90045C001DAB27 /* ContentView.swift */,
				D8CA87A72B90045D001DAB27 /* Assets.xcassets */,
				D8CA87A92B90045D001DAB27 /* Preview Content */,
			);
			path = Dicey;
			sourceTree = "<group>";
		};
		D8CA87A92B90045D001DAB27 /* Preview Content */ = {
			isa = PBXGroup;
			children = (
				D8CA87AA2B90045D001DAB27 /* Preview Assets.xcassets */,
			);
			path = "Preview Content";
			sourceTree = "<group>";
		};
		D8CA87B32B90045E001DAB27 /* DiceyTests */ = {
			isa = PBXGroup;
			children = (
				D8CA87B42B90045E001DAB27 /* DiceyTests.swift */,
			);
			path = DiceyTests;
			sourceTree = "<group>";
		};
		D8CA87BD2B90045E001DAB27 /* DiceyUITests */ = {
			isa = PBXGroup;
			children = (
				D8CA87BE2B90045E001DAB27 /* DiceyUITests.swift */,
				D8CA87C02B90045E001DAB27 /* DiceyUITestsLaunchTests.swift */,
			);
			path = DiceyUITests;
			sourceTree = "<group>";
		};
/* End PBXGroup section */

/* Begin PBXNativeTarget section */
		D8CA879F2B90045C001DAB27 /* Dicey */ = {
			isa = PBXNativeTarget;
			buildConfigurationList = D8CA87C42B90045E001DAB27 /* Build configuration list for PBXNativeTarget "Dicey" */;
			buildPhases = (
				D8CA879C2B90045C001DAB27 /* Sources */,
				D8CA879D2B90045C001DAB27 /* Frameworks */,
				D8CA879E2B90045C001DAB27 /* Resources */,
			);
			buildRules = (
			);
			dependencies = (
			);
			name = Dicey;
			productName = Dicey;
			productReference = D8CA87A02B90045C001DAB27 /* Dicey.app */;
			productType = "com.apple.product-type.application";
		};
		D8CA87AF2B90045E001DAB27 /* DiceyTests */ = {
			isa = PBXNativeTarget;
			buildConfigurationList = D8CA87C72B90045E001DAB27 /* Build configuration list for PBXNativeTarget "DiceyTests" */;
			buildPhases = (
				D8CA87AC2B90045E001DAB27 /* Sources */,
				D8CA87AD2B90045E001DAB27 /* Frameworks */,
				D8CA87AE2B90045E001DAB27 /* Resources */,
			);
			buildRules = (
			);
			dependencies = (
				D8CA87B22B90045E001DAB27 /* PBXTargetDependency */,
			);
			name = DiceyTests;
			productName = DiceyTests;
			productReference = D8CA87B02B90045E001DAB27 /* DiceyTests.xctest */;
			productType = "com.apple.product-type.bundle.unit-test";
		};
		D8CA87B92B90045E001DAB27 /* DiceyUITests */ = {
			isa = PBXNativeTarget;
			buildConfigurationList = D8CA87CA2B90045E001DAB27 /* Build configuration list for PBXNativeTarget "DiceyUITests" */;
			buildPhases = (
				D8CA87B62B90045E001DAB27 /* Sources */,
				D8CA87B72B90045E001DAB27 /* Frameworks */,
				D8CA87B82B90045E001DAB27 /* Resources */,
			);
			buildRules = (
			);
			dependencies = (
				D8CA87BC2B90045E001DAB27 /* PBXTargetDependency */,
			);
			name = DiceyUITests;
			productName = DiceyUITests;
			productReference = D8CA87BA2B90045E001DAB27 /* DiceyUITests.xctest */;
			productType = "com.apple.product-type.bundle.ui-testing";
		};
/* End PBXNativeTarget section */

/* Begin PBXProject section */
		D8CA87982B90045C001DAB27 /* Project object */ = {
			isa = PBXProject;
			attributes = {
				BuildIndependentTargetsInParallel = 1;
				LastSwiftUpdateCheck = 1520;
				LastUpgradeCheck = 1520;
				TargetAttributes = {
					D8CA879F2B90045C001DAB27 = {
						CreatedOnToolsVersion = 15.2;
					};
					D8CA87AF2B90045E001DAB27 = {
						CreatedOnToolsVersion = 15.2;
						TestTargetID = D8CA879F2B90045C001DAB27;
					};
					D8CA87B92B90045E001DAB27 = {
						CreatedOnToolsVersion = 15.2;
						TestTargetID = D8CA879F2B90045C001DAB27;
					};
				};
			};
			buildConfigurationList = D8CA879B2B90045C001DAB27 /* Build configuration list for PBXProject "Dicey" */;
			compatibilityVersion = "Xcode 14.0";
			developmentRegion = en;
			hasScannedForEncodings = 0;
			knownRegions = (
				en,
				Base,
			);
			mainGroup = D8CA87972B90045C001DAB27;
			productRefGroup = D8CA87A12B90045C001DAB27 /* Products */;
			projectDirPath = "";
			projectRoot = "";
			targets = (
				D8CA879F2B90045C001DAB27 /* Dicey */,
				D8CA87AF2B90045E001DAB27 /* DiceyTests */,
				D8CA87B92B90045E001DAB27 /* DiceyUITests */,
			);
		};
/* End PBXProject section */

/* Begin PBXResourcesBuildPhase section */
		D8CA879E2B90045C001DAB27 /* Resources */ = {
			isa = PBXResourcesBuildPhase;
			buildActionMask = 2147483647;
			files = (
				D8CA87AB2B90045D001DAB27 /* Preview Assets.xcassets in Resources */,
				D8CA87A82B90045D001DAB27 /* Assets.xcassets in Resources */,
			);
			runOnlyForDeploymentPostprocessing = 0;
		};
		D8CA87AE2B90045E001DAB27 /* Resources */ = {
			isa = PBXResourcesBuildPhase;
			buildActionMask = 2147483647;
			files = (
			);
			runOnlyForDeploymentPostprocessing = 0;
		};
		D8CA87B82B90045E001DAB27 /* Resources */ = {
			isa = PBXResourcesBuildPhase;
			buildActionMask = 2147483647;
			files = (
			);
			runOnlyForDeploymentPostprocessing = 0;
		};
/* End PBXResourcesBuildPhase section */

/* Begin PBXSourcesBuildPhase section */
		D8CA879C2B90045C001DAB27 /* Sources */ = {
			isa = PBXSourcesBuildPhase;
			buildActionMask = 2147483647;
			files = (
				D8CA87A62B90045C001DAB27 /* ContentView.swift in Sources */,
				D8CA87A42B90045C001DAB27 /* DiceyApp.swift in Sources */,
			);
			runOnlyForDeploymentPostprocessing = 0;
		};
		D8CA87AC2B90045E001DAB27 /* Sources */ = {
			isa = PBXSourcesBuildPhase;
			buildActionMask = 2147483647;
			files = (
				D8CA87B52B90045E001DAB27 /* DiceyTests.swift in Sources */,
			);
			runOnlyForDeploymentPostprocessing = 0;
		};
		D8CA87B62B90045E001DAB27 /* Sources */ = {
			isa = PBXSourcesBuildPhase;
			buildActionMask = 2147483647;
			files = (
				D8CA87BF2B90045E001DAB27 /* DiceyUITests.swift in Sources */,
				D8CA87C12B90045E001DAB27 /* DiceyUITestsLaunchTests.swift in Sources */,
			);
			runOnlyForDeploymentPostprocessing = 0;
		};
/* End PBXSourcesBuildPhase section */

/* Begin PBXTargetDependency section */
		D8CA87B22B90045E001DAB27 /* PBXTargetDependency */ = {
			isa = PBXTargetDependency;
			target = D8CA879F2B90045C001DAB27 /* Dicey */;
			targetProxy = D8CA87B12B90045E001DAB27 /* PBXContainerItemProxy */;
		};
		D8CA87BC2B90045E001DAB27 /* PBXTargetDependency */ = {
			isa = PBXTargetDependency;
			target = D8CA879F2B90045C001DAB27 /* Dicey */;
			targetProxy = D8CA87BB2B90045E001DAB27 /* PBXContainerItemProxy */;
		};
/* End PBXTargetDependency section */

/* Begin XCBuildConfiguration section */
		D8CA87C22B90045E001DAB27 /* Debug */ = {
			isa = XCBuildConfiguration;
			buildSettings = {
				ALWAYS_SEARCH_USER_PATHS = NO;
				ASSETCATALOG_COMPILER_GENERATE_SWIFT_ASSET_SYMBOL_EXTENSIONS = YES;
				CLANG_ANALYZER_NONNULL = YES;
				CLANG_ANALYZER_NUMBER_OBJECT_CONVERSION = YES_AGGRESSIVE;
				CLANG_CXX_LANGUAGE_STANDARD = "gnu++20";
				CLANG_ENABLE_MODULES = YES;
				CLANG_ENABLE_OBJC_ARC = YES;
				CLANG_ENABLE_OBJC_WEAK = YES;
				CLANG_WARN_BLOCK_CAPTURE_AUTORELEASING = YES;
				CLANG_WARN_BOOL_CONVERSION = YES;
				CLANG_WARN_COMMA = YES;
				CLANG_WARN_CONSTANT_CONVERSION = YES;
				CLANG_WARN_DEPRECATED_OBJC_IMPLEMENTATIONS = YES;
				CLANG_WARN_DIRECT_OBJC_ISA_USAGE = YES_ERROR;
				CLANG_WARN_DOCUMENTATION_COMMENTS = YES;
				CLANG_WARN_EMPTY_BODY = YES;
				CLANG_WARN_ENUM_CONVERSION = YES;
				CLANG_WARN_INFINITE_RECURSION = YES;
				CLANG_WARN_INT_CONVERSION = YES;
				CLANG_WARN_NON_LITERAL_NULL_CONVERSION = YES;
				CLANG_WARN_OBJC_IMPLICIT_RETAIN_SELF = YES;
				CLANG_WARN_OBJC_LITERAL_CONVERSION = YES;
				CLANG_WARN_OBJC_ROOT_CLASS = YES_ERROR;
				CLANG_WARN_QUOTED_INCLUDE_IN_FRAMEWORK_HEADER = YES;
				CLANG_WARN_RANGE_LOOP_ANALYSIS = YES;
				CLANG_WARN_STRICT_PROTOTYPES = YES;
				CLANG_WARN_SUSPICIOUS_MOVE = YES;
				CLANG_WARN_UNGUARDED_AVAILABILITY = YES_AGGRESSIVE;
				CLANG_WARN_UNREACHABLE_CODE = YES;
				CLANG_WARN__DUPLICATE_METHOD_MATCH = YES;
				COPY_PHASE_STRIP = NO;
				DEBUG_INFORMATION_FORMAT = dwarf;
				ENABLE_STRICT_OBJC_MSGSEND = YES;
				ENABLE_TESTABILITY = YES;
				ENABLE_USER_SCRIPT_SANDBOXING = YES;
				GCC_C_LANGUAGE_STANDARD = gnu17;
				GCC_DYNAMIC_NO_PIC = NO;
				GCC_NO_COMMON_BLOCKS = YES;
				GCC_OPTIMIZATION_LEVEL = 0;
				GCC_PREPROCESSOR_DEFINITIONS = (
					"DEBUG=1",
					"$(inherited)",
				);
				GCC_WARN_64_TO_32_BIT_CONVERSION = YES;
				GCC_WARN_ABOUT_RETURN_TYPE = YES_ERROR;
				GCC_WARN_UNDECLARED_SELECTOR = YES;
				GCC_WARN_UNINITIALIZED_AUTOS = YES_AGGRESSIVE;
				GCC_WARN_UNUSED_FUNCTION = YES;
				GCC_WARN_UNUSED_VARIABLE = YES;
				IPHONEOS_DEPLOYMENT_TARGET = 17.2;
				LOCALIZATION_PREFERS_STRING_CATALOGS = YES;
				MTL_ENABLE_DEBUG_INFO = INCLUDE_SOURCE;
				MTL_FAST_MATH = YES;
				ONLY_ACTIVE_ARCH = YES;
				SDKROOT = iphoneos;
				SWIFT_ACTIVE_COMPILATION_CONDITIONS = "DEBUG $(inherited)";
				SWIFT_OPTIMIZATION_LEVEL = "-Onone";
			};
			name = Debug;
		};
		D8CA87C32B90045E001DAB27 /* Release */ = {
			isa = XCBuildConfiguration;
			buildSettings = {
				ALWAYS_SEARCH_USER_PATHS = NO;
				ASSETCATALOG_COMPILER_GENERATE_SWIFT_ASSET_SYMBOL_EXTENSIONS = YES;
				CLANG_ANALYZER_NONNULL = YES;
				CLANG_ANALYZER_NUMBER_OBJECT_CONVERSION = YES_AGGRESSIVE;
				CLANG_CXX_LANGUAGE_STANDARD = "gnu++20";
				CLANG_ENABLE_MODULES = YES;
				CLANG_ENABLE_OBJC_ARC = YES;
				CLANG_ENABLE_OBJC_WEAK = YES;
				CLANG_WARN_BLOCK_CAPTURE_AUTORELEASING = YES;
				CLANG_WARN_BOOL_CONVERSION = YES;
				CLANG_WARN_COMMA = YES;
				CLANG_WARN_CONSTANT_CONVERSION = YES;
				CLANG_WARN_DEPRECATED_OBJC_IMPLEMENTATIONS = YES;
				CLANG_WARN_DIRECT_OBJC_ISA_USAGE = YES_ERROR;
				CLANG_WARN_DOCUMENTATION_COMMENTS = YES;
				CLANG_WARN_EMPTY_BODY = YES;
				CLANG_WARN_ENUM_CONVERSION = YES;
				CLANG_WARN_INFINITE_RECURSION = YES;
				CLANG_WARN_INT_CONVERSION = YES;
				CLANG_WARN_NON_LITERAL_NULL_CONVERSION = YES;
				CLANG_WARN_OBJC_IMPLICIT_RETAIN_SELF = YES;
				CLANG_WARN_OBJC_LITERAL_CONVERSION = YES;
				CLANG_WARN_OBJC_ROOT_CLASS = YES_ERROR;
				CLANG_WARN_QUOTED_INCLUDE_IN_FRAMEWORK_HEADER = YES;
				CLANG_WARN_RANGE_LOOP_ANALYSIS = YES;
				CLANG_WARN_STRICT_PROTOTYPES = YES;
				CLANG_WARN_SUSPICIOUS_MOVE = YES;
				CLANG_WARN_UNGUARDED_AVAILABILITY = YES_AGGRESSIVE;
				CLANG_WARN_UNREACHABLE_CODE = YES;
				CLANG_WARN__DUPLICATE_METHOD_MATCH = YES;
				COPY_PHASE_STRIP = NO;
				DEBUG_INFORMATION_FORMAT = "dwarf-with-dsym";
				ENABLE_NS_ASSERTIONS = NO;
				ENABLE_STRICT_OBJC_MSGSEND = YES;
				ENABLE_USER_SCRIPT_SANDBOXING = YES;
				GCC_C_LANGUAGE_STANDARD = gnu17;
				GCC_NO_COMMON_BLOCKS = YES;
				GCC_WARN_64_TO_32_BIT_CONVERSION = YES;
				GCC_WARN_ABOUT_RETURN_TYPE = YES_ERROR;
				GCC_WARN_UNDECLARED_SELECTOR = YES;
				GCC_WARN_UNINITIALIZED_AUTOS = YES_AGGRESSIVE;
				GCC_WARN_UNUSED_FUNCTION = YES;
				GCC_WARN_UNUSED_VARIABLE = YES;
				IPHONEOS_DEPLOYMENT_TARGET = 17.2;
				LOCALIZATION_PREFERS_STRING_CATALOGS = YES;
				MTL_ENABLE_DEBUG_INFO = NO;
				MTL_FAST_MATH = YES;
				SDKROOT = iphoneos;
				SWIFT_COMPILATION_MODE = wholemodule;
				VALIDATE_PRODUCT = YES;
			};
			name = Release;
		};
		D8CA87C52B90045E001DAB27 /* Debug */ = {
			isa = XCBuildConfiguration;
			buildSettings = {
				ASSETCATALOG_COMPILER_APPICON_NAME = AppIcon;
				ASSETCATALOG_COMPILER_GLOBAL_ACCENT_COLOR_NAME = AccentColor;
				CODE_SIGN_STYLE = Automatic;
				CURRENT_PROJECT_VERSION = 1;
				DEVELOPMENT_ASSET_PATHS = "\"Dicey/Preview Content\"";
				ENABLE_PREVIEWS = YES;
				GENERATE_INFOPLIST_FILE = YES;
				INFOPLIST_KEY_UIApplicationSceneManifest_Generation = YES;
				INFOPLIST_KEY_UIApplicationSupportsIndirectInputEvents = YES;
				INFOPLIST_KEY_UILaunchScreen_Generation = YES;
				INFOPLIST_KEY_UISupportedInterfaceOrientations_iPad = "UIInterfaceOrientationPortrait UIInterfaceOrientationPortraitUpsideDown UIInterfaceOrientationLandscapeLeft UIInterfaceOrientationLandscapeRight";
				INFOPLIST_KEY_UISupportedInterfaceOrientations_iPhone = "UIInterfaceOrientationPortrait UIInterfaceOrientationLandscapeLeft UIInterfaceOrientationLandscapeRight";
				LD_RUNPATH_SEARCH_PATHS = (
					"$(inherited)",
					"@executable_path/Frameworks",
				);
				MARKETING_VERSION = 1.0;
				PRODUCT_BUNDLE_IDENTIFIER = tech.shivthedev.Dicey;
				PRODUCT_NAME = "$(TARGET_NAME)";
				SWIFT_EMIT_LOC_STRINGS = YES;
				SWIFT_VERSION = 5.0;
				TARGETED_DEVICE_FAMILY = "1,2";
			};
			name = Debug;
		};
		D8CA87C62B90045E001DAB27 /* Release */ = {
			isa = XCBuildConfiguration;
			buildSettings = {
				ASSETCATALOG_COMPILER_APPICON_NAME = AppIcon;
				ASSETCATALOG_COMPILER_GLOBAL_ACCENT_COLOR_NAME = AccentColor;
				CODE_SIGN_STYLE = Automatic;
				CURRENT_PROJECT_VERSION = 1;
				DEVELOPMENT_ASSET_PATHS = "\"Dicey/Preview Content\"";
				ENABLE_PREVIEWS = YES;
				GENERATE_INFOPLIST_FILE = YES;
				INFOPLIST_KEY_UIApplicationSceneManifest_Generation = YES;
				INFOPLIST_KEY_UIApplicationSupportsIndirectInputEvents = YES;
				INFOPLIST_KEY_UILaunchScreen_Generation = YES;
				INFOPLIST_KEY_UISupportedInterfaceOrientations_iPad = "UIInterfaceOrientationPortrait UIInterfaceOrientationPortraitUpsideDown UIInterfaceOrientationLandscapeLeft UIInterfaceOrientationLandscapeRight";
				INFOPLIST_KEY_UISupportedInterfaceOrientations_iPhone = "UIInterfaceOrientationPortrait UIInterfaceOrientationLandscapeLeft UIInterfaceOrientationLandscapeRight";
				LD_RUNPATH_SEARCH_PATHS = (
					"$(inherited)",
					"@executable_path/Frameworks",
				);
				MARKETING_VERSION = 1.0;
				PRODUCT_BUNDLE_IDENTIFIER = tech.shivthedev.Dicey;
				PRODUCT_NAME = "$(TARGET_NAME)";
				SWIFT_EMIT_LOC_STRINGS = YES;
				SWIFT_VERSION = 5.0;
				TARGETED_DEVICE_FAMILY = "1,2";
			};
			name = Release;
		};
		D8CA87C82B90045E001DAB27 /* Debug */ = {
			isa = XCBuildConfiguration;
			buildSettings = {
				ALWAYS_EMBED_SWIFT_STANDARD_LIBRARIES = YES;
				BUNDLE_LOADER = "$(TEST_HOST)";
				CODE_SIGN_STYLE = Automatic;
				CURRENT_PROJECT_VERSION = 1;
				GENERATE_INFOPLIST_FILE = YES;
				IPHONEOS_DEPLOYMENT_TARGET = 17.2;
				MARKETING_VERSION = 1.0;
				PRODUCT_BUNDLE_IDENTIFIER = tech.shivthedev.DiceyTests;
				PRODUCT_NAME = "$(TARGET_NAME)";
				SWIFT_EMIT_LOC_STRINGS = NO;
				SWIFT_VERSION = 5.0;
				TARGETED_DEVICE_FAMILY = "1,2";
				TEST_HOST = "$(BUILT_PRODUCTS_DIR)/Dicey.app/$(BUNDLE_EXECUTABLE_FOLDER_PATH)/Dicey";
			};
			name = Debug;
		};
		D8CA87C92B90045E001DAB27 /* Release */ = {
			isa = XCBuildConfiguration;
			buildSettings = {
				ALWAYS_EMBED_SWIFT_STANDARD_LIBRARIES = YES;
				BUNDLE_LOADER = "$(TEST_HOST)";
				CODE_SIGN_STYLE = Automatic;
				CURRENT_PROJECT_VERSION = 1;
				GENERATE_INFOPLIST_FILE = YES;
				IPHONEOS_DEPLOYMENT_TARGET = 17.2;
				MARKETING_VERSION = 1.0;
				PRODUCT_BUNDLE_IDENTIFIER = tech.shivthedev.DiceyTests;
				PRODUCT_NAME = "$(TARGET_NAME)";
				SWIFT_EMIT_LOC_STRINGS = NO;
				SWIFT_VERSION = 5.0;
				TARGETED_DEVICE_FAMILY = "1,2";
				TEST_HOST = "$(BUILT_PRODUCTS_DIR)/Dicey.app/$(BUNDLE_EXECUTABLE_FOLDER_PATH)/Dicey";
			};
			name = Release;
		};
		D8CA87CB2B90045E001DAB27 /* Debug */ = {
			isa = XCBuildConfiguration;
			buildSettings = {
				ALWAYS_EMBED_SWIFT_STANDARD_LIBRARIES = YES;
				CODE_SIGN_STYLE = Automatic;
				CURRENT_PROJECT_VERSION = 1;
				GENERATE_INFOPLIST_FILE = YES;
				MARKETING_VERSION = 1.0;
				PRODUCT_BUNDLE_IDENTIFIER = tech.shivthedev.DiceyUITests;
				PRODUCT_NAME = "$(TARGET_NAME)";
				SWIFT_EMIT_LOC_STRINGS = NO;
				SWIFT_VERSION = 5.0;
				TARGETED_DEVICE_FAMILY = "1,2";
				TEST_TARGET_NAME = Dicey;
			};
			name = Debug;
		};
		D8CA87CC2B90045E001DAB27 /* Release */ = {
			isa = XCBuildConfiguration;
			buildSettings = {
				ALWAYS_EMBED_SWIFT_STANDARD_LIBRARIES = YES;
				CODE_SIGN_STYLE = Automatic;
				CURRENT_PROJECT_VERSION = 1;
				GENERATE_INFOPLIST_FILE = YES;
				MARKETING_VERSION = 1.0;
				PRODUCT_BUNDLE_IDENTIFIER = tech.shivthedev.DiceyUITests;
				PRODUCT_NAME = "$(TARGET_NAME)";
				SWIFT_EMIT_LOC_STRINGS = NO;
				SWIFT_VERSION = 5.0;
				TARGETED_DEVICE_FAMILY = "1,2";
				TEST_TARGET_NAME = Dicey;
			};
			name = Release;
		};
/* End XCBuildConfiguration section */

/* Begin XCConfigurationList section */
		D8CA879B2B90045C001DAB27 /* Build configuration list for PBXProject "Dicey" */ = {
			isa = XCConfigurationList;
			buildConfigurations = (
				D8CA87C22B90045E001DAB27 /* Debug */,
				D8CA87C32B90045E001DAB27 /* Release */,
			);
			defaultConfigurationIsVisible = 0;
			defaultConfigurationName = Release;
		};
		D8CA87C42B90045E001DAB27 /* Build configuration list for PBXNativeTarget "Dicey" */ = {
			isa = XCConfigurationList;
			buildConfigurations = (
				D8CA87C52B90045E001DAB27 /* Debug */,
				D8CA87C62B90045E001DAB27 /* Release */,
			);
			defaultConfigurationIsVisible = 0;
			defaultConfigurationName = Release;
		};
		D8CA87C72B90045E001DAB27 /* Build configuration list for PBXNativeTarget "DiceyTests" */ = {
			isa = XCConfigurationList;
			buildConfigurations = (
				D8CA87C82B90045E001DAB27 /* Debug */,
				D8CA87C92B90045E001DAB27 /* Release */,
			);
			defaultConfigurationIsVisible = 0;
			defaultConfigurationName = Release;
		};
		D8CA87CA2B90045E001DAB27 /* Build configuration list for PBXNativeTarget "DiceyUITests" */ = {
			isa = XCConfigurationList;
			buildConfigurations = (
				D8CA87CB2B90045E001DAB27 /* Debug */,
				D8CA87CC2B90045E001DAB27 /* Release */,
			);
			defaultConfigurationIsVisible = 0;
			defaultConfigurationName = Release;
		};
/* End XCConfigurationList section */
	};
	rootObject = D8CA87982B90045C001DAB27 /* Project object */;
}
